
Microsoft Visual Studio Solution File, Format Version 12.00
# Visual Studio Version 17
VisualStudioVersion = 17.3.32811.315
MinimumVisualStudioVersion = 10.0.40219.1
Project("{FAE04EC0-301F-11D3-BF4B-00C04F79EFBC}") = "DacTa", "DacTa\DacTa.csproj", "{9F188B41-0B21-4240-89DE-2E7A1D175CF3}"
EndProject
Global
	GlobalSection(SolutionConfigurationPlatforms) = preSolution
		Debug|Any CPU = Debug|Any CPU
		Release|Any CPU = Release|Any CPU
	EndGlobalSection
	GlobalSection(ProjectConfigurationPlatforms) = postSolution
		{9F188B41-0B21-4240-89DE-2E7A1D175CF3}.Debug|Any CPU.ActiveCfg = Debug|Any CPU
		{9F188B41-0B21-4240-89DE-2E7A1D175CF3}.Debug|Any CPU.Build.0 = Debug|Any CPU
		{9F188B41-0B21-4240-89DE-2E7A1D175CF3}.Release|Any CPU.ActiveCfg = Release|Any CPU
		{9F188B41-0B21-4240-89DE-2E7A1D175CF3}.Release|Any CPU.Build.0 = Release|Any CPU
	EndGlobalSection
	GlobalSection(SolutionProperties) = preSolution
		HideSolutionNode = FALSE
	EndGlobalSection
	GlobalSection(ExtensibilityGlobals) = postSolution
		SolutionGuid = {DEF7F2F2-378D-4D73-8744-768CD2AD31D1}
	EndGlobalSection
EndGlobal
